
Microsoft Visual Studio Solution File, Format Version 12.00
# Visual Studio 2012
Project("{FAE04EC0-301F-11D3-BF4B-00C04F79EFBC}") = "SmartHouseConsole", "SmartHouseConsole\SmartHouseConsole.csproj", "{52602E53-2121-4F10-84FD-A09D3E4820A8}"
EndProject
Project("{FAE04EC0-301F-11D3-BF4B-00C04F79EFBC}") = "Devices", "Devices\Devices.csproj", "{DA16C894-7356-40A7-AC36-596CED2C27FB}"
EndProject
Project("{FAE04EC0-301F-11D3-BF4B-00C04F79EFBC}") = "Interfaces", "Interfaces\Interfaces.csproj", "{8BB04CEF-3099-4DC5-BB1E-DF645E7B6E43}"
EndProject
Project("{FAE04EC0-301F-11D3-BF4B-00C04F79EFBC}") = "DAL", "DAL\DAL.csproj", "{18AA660C-3F84-4A10-B8F4-88440E2732CB}"
EndProject
Project("{FAE04EC0-301F-11D3-BF4B-00C04F79EFBC}") = "SmartHouseMVC", "SmartHouseMVC\SmartHouseMVC.csproj", "{2846719D-0FAF-4DDB-B939-13E6FD710C9E}"
EndProject
Project("{FAE04EC0-301F-11D3-BF4B-00C04F79EFBC}") = "DTO", "DTO\DTO.csproj", "{F475314B-513C-4A97-AB4D-A89F89B92AD6}"
EndProject
Global
	GlobalSection(SolutionConfigurationPlatforms) = preSolution
		Debug|Any CPU = Debug|Any CPU
		Release|Any CPU = Release|Any CPU
	EndGlobalSection
	GlobalSection(ProjectConfigurationPlatforms) = postSolution
		{52602E53-2121-4F10-84FD-A09D3E4820A8}.Debug|Any CPU.ActiveCfg = Debug|Any CPU
		{52602E53-2121-4F10-84FD-A09D3E4820A8}.Debug|Any CPU.Build.0 = Debug|Any CPU
		{52602E53-2121-4F10-84FD-A09D3E4820A8}.Release|Any CPU.ActiveCfg = Release|Any CPU
		{52602E53-2121-4F10-84FD-A09D3E4820A8}.Release|Any CPU.Build.0 = Release|Any CPU
		{DA16C894-7356-40A7-AC36-596CED2C27FB}.Debug|Any CPU.ActiveCfg = Debug|Any CPU
		{DA16C894-7356-40A7-AC36-596CED2C27FB}.Debug|Any CPU.Build.0 = Debug|Any CPU
		{DA16C894-7356-40A7-AC36-596CED2C27FB}.Release|Any CPU.ActiveCfg = Release|Any CPU
		{DA16C894-7356-40A7-AC36-596CED2C27FB}.Release|Any CPU.Build.0 = Release|Any CPU
		{8BB04CEF-3099-4DC5-BB1E-DF645E7B6E43}.Debug|Any CPU.ActiveCfg = Debug|Any CPU
		{8BB04CEF-3099-4DC5-BB1E-DF645E7B6E43}.Debug|Any CPU.Build.0 = Debug|Any CPU
		{8BB04CEF-3099-4DC5-BB1E-DF645E7B6E43}.Release|Any CPU.ActiveCfg = Release|Any CPU
		{8BB04CEF-3099-4DC5-BB1E-DF645E7B6E43}.Release|Any CPU.Build.0 = Release|Any CPU
		{18AA660C-3F84-4A10-B8F4-88440E2732CB}.Debug|Any CPU.ActiveCfg = Debug|Any CPU
		{18AA660C-3F84-4A10-B8F4-88440E2732CB}.Debug|Any CPU.Build.0 = Debug|Any CPU
		{18AA660C-3F84-4A10-B8F4-88440E2732CB}.Release|Any CPU.ActiveCfg = Release|Any CPU
		{18AA660C-3F84-4A10-B8F4-88440E2732CB}.Release|Any CPU.Build.0 = Release|Any CPU
		{2846719D-0FAF-4DDB-B939-13E6FD710C9E}.Debug|Any CPU.ActiveCfg = Debug|Any CPU
		{2846719D-0FAF-4DDB-B939-13E6FD710C9E}.Debug|Any CPU.Build.0 = Debug|Any CPU
		{2846719D-0FAF-4DDB-B939-13E6FD710C9E}.Release|Any CPU.ActiveCfg = Release|Any CPU
		{2846719D-0FAF-4DDB-B939-13E6FD710C9E}.Release|Any CPU.Build.0 = Release|Any CPU
		{F475314B-513C-4A97-AB4D-A89F89B92AD6}.Debug|Any CPU.ActiveCfg = Debug|Any CPU
		{F475314B-513C-4A97-AB4D-A89F89B92AD6}.Debug|Any CPU.Build.0 = Debug|Any CPU
		{F475314B-513C-4A97-AB4D-A89F89B92AD6}.Release|Any CPU.ActiveCfg = Release|Any CPU
		{F475314B-513C-4A97-AB4D-A89F89B92AD6}.Release|Any CPU.Build.0 = Release|Any CPU
	EndGlobalSection
	GlobalSection(SolutionProperties) = preSolution
		HideSolutionNode = FALSE
	EndGlobalSection
EndGlobal
