
Microsoft Visual Studio Solution File, Format Version 12.00
# Visual Studio 2012
Project("{FAE04EC0-301F-11D3-BF4B-00C04F79EFBC}") = "SmartHouseWithServer", "SmartHouseWithServer\SmartHouseWithServer.csproj", "{52602E53-2121-4F10-84FD-A09D3E4820A8}"
EndProject
Project("{FAE04EC0-301F-11D3-BF4B-00C04F79EFBC}") = "Devices", "Devices\Devices.csproj", "{DA16C894-7356-40A7-AC36-596CED2C27FB}"
EndProject
Global
	GlobalSection(SolutionConfigurationPlatforms) = preSolution
		Debug|Any CPU = Debug|Any CPU
		Release|Any CPU = Release|Any CPU
	EndGlobalSection
	GlobalSection(ProjectConfigurationPlatforms) = postSolution
		{52602E53-2121-4F10-84FD-A09D3E4820A8}.Debug|Any CPU.ActiveCfg = Debug|Any CPU
		{52602E53-2121-4F10-84FD-A09D3E4820A8}.Debug|Any CPU.Build.0 = Debug|Any CPU
		{52602E53-2121-4F10-84FD-A09D3E4820A8}.Release|Any CPU.ActiveCfg = Release|Any CPU
		{52602E53-2121-4F10-84FD-A09D3E4820A8}.Release|Any CPU.Build.0 = Release|Any CPU
		{DA16C894-7356-40A7-AC36-596CED2C27FB}.Debug|Any CPU.ActiveCfg = Debug|Any CPU
		{DA16C894-7356-40A7-AC36-596CED2C27FB}.Debug|Any CPU.Build.0 = Debug|Any CPU
		{DA16C894-7356-40A7-AC36-596CED2C27FB}.Release|Any CPU.ActiveCfg = Release|Any CPU
		{DA16C894-7356-40A7-AC36-596CED2C27FB}.Release|Any CPU.Build.0 = Release|Any CPU
	EndGlobalSection
	GlobalSection(SolutionProperties) = preSolution
		HideSolutionNode = FALSE
	EndGlobalSection
EndGlobal
